
Microsoft Visual Studio Solution File, Format Version 12.00
# Visual Studio 15
VisualStudioVersion = 15.0.27428.2015
MinimumVisualStudioVersion = 10.0.40219.1
Project("{FAE04EC0-301F-11D3-BF4B-00C04F79EFBC}") = "countBetweenNum", "countBetweenNum\countBetweenNum.csproj", "{CC14C5E9-DD23-4E49-8190-E67E1376CB80}"
EndProject
Global
	GlobalSection(SolutionConfigurationPlatforms) = preSolution
		Debug|Any CPU = Debug|Any CPU
		Release|Any CPU = Release|Any CPU
	EndGlobalSection
	GlobalSection(ProjectConfigurationPlatforms) = postSolution
		{CC14C5E9-DD23-4E49-8190-E67E1376CB80}.Debug|Any CPU.ActiveCfg = Debug|Any CPU
		{CC14C5E9-DD23-4E49-8190-E67E1376CB80}.Debug|Any CPU.Build.0 = Debug|Any CPU
		{CC14C5E9-DD23-4E49-8190-E67E1376CB80}.Release|Any CPU.ActiveCfg = Release|Any CPU
		{CC14C5E9-DD23-4E49-8190-E67E1376CB80}.Release|Any CPU.Build.0 = Release|Any CPU
	EndGlobalSection
	GlobalSection(SolutionProperties) = preSolution
		HideSolutionNode = FALSE
	EndGlobalSection
	GlobalSection(ExtensibilityGlobals) = postSolution
		SolutionGuid = {C37C42CB-8FE6-4136-A25F-4B556125F9AC}
	EndGlobalSection
EndGlobal
